
Microsoft Visual Studio Solution File, Format Version 12.00
# Visual Studio Version 17
VisualStudioVersion = 17.14.36811.4 d17.14
MinimumVisualStudioVersion = 10.0.40219.1
Project("{FAE04EC0-301F-11D3-BF4B-00C04F79EFBC}") = "Flight", "Flight\Flight.csproj", "{9D5AB453-6F6E-40E7-ABF7-55881B943BCB}"
EndProject
Project("{FAE04EC0-301F-11D3-BF4B-00C04F79EFBC}") = "Domain.Tests", "Domain.Tests\Domain.Tests.csproj", "{D62C5DC8-FBC8-47E5-943A-77EF0C6BF134}"
EndProject
Global
	GlobalSection(SolutionConfigurationPlatforms) = preSolution
		Debug|Any CPU = Debug|Any CPU
		Release|Any CPU = Release|Any CPU
	EndGlobalSection
	GlobalSection(ProjectConfigurationPlatforms) = postSolution
		{9D5AB453-6F6E-40E7-ABF7-55881B943BCB}.Debug|Any CPU.ActiveCfg = Debug|Any CPU
		{9D5AB453-6F6E-40E7-ABF7-55881B943BCB}.Debug|Any CPU.Build.0 = Debug|Any CPU
		{9D5AB453-6F6E-40E7-ABF7-55881B943BCB}.Release|Any CPU.ActiveCfg = Release|Any CPU
		{9D5AB453-6F6E-40E7-ABF7-55881B943BCB}.Release|Any CPU.Build.0 = Release|Any CPU
		{D62C5DC8-FBC8-47E5-943A-77EF0C6BF134}.Debug|Any CPU.ActiveCfg = Debug|Any CPU
		{D62C5DC8-FBC8-47E5-943A-77EF0C6BF134}.Debug|Any CPU.Build.0 = Debug|Any CPU
		{D62C5DC8-FBC8-47E5-943A-77EF0C6BF134}.Release|Any CPU.ActiveCfg = Release|Any CPU
		{D62C5DC8-FBC8-47E5-943A-77EF0C6BF134}.Release|Any CPU.Build.0 = Release|Any CPU
	EndGlobalSection
	GlobalSection(SolutionProperties) = preSolution
		HideSolutionNode = FALSE
	EndGlobalSection
	GlobalSection(ExtensibilityGlobals) = postSolution
		SolutionGuid = {89E0599F-8B88-48FC-BA0E-6CE489489D91}
	EndGlobalSection
EndGlobal
